// !$*UTF8*$!
{
	archiveVersion = 1;
	classes = {
	};
	objectVersion = 77;
	objects = {

/* Begin PBXBuildFile section */
		5BC69A892EB6A22700FDC484 /* HabitHeroApp.swift in Sources */ = {isa = PBXBuildFile; fileRef = 5BC69A882EB6A22400FDC484 /* HabitHeroApp.swift */; };
		5BC69A8B2EB6A23D00FDC484 /* Assets.xcassets in Resources */ = {isa = PBXBuildFile; fileRef = 5BC69A8A2EB6A23A00FDC484 /* Assets.xcassets */; };
		5BC69A8D2EB6A25400FDC484 /* Preview Content in Resources */ = {isa = PBXBuildFile; fileRef = 5BC69A8C2EB6A25000FDC484 /* Preview Content */; };
		5BC69A8F2EB6A46300FDC484 /* HabitStore.swift in Sources */ = {isa = PBXBuildFile; fileRef = 5BC69A862EB6A1C300FDC484 /* HabitStore.swift */; };
		5BC69A902EB6A47200FDC484 /* Habit.swift in Sources */ = {isa = PBXBuildFile; fileRef = 5BC69A852EB6A1B600FDC484 /* Habit.swift */; };
		5BC69A912EB6A47E00FDC484 /* ContentView.swift in Sources */ = {isa = PBXBuildFile; fileRef = 5BC69A832EB6A18600FDC484 /* ContentView.swift */; };
		5BC69A922EB6A48800FDC484 /* AddHabitView.swift in Sources */ = {isa = PBXBuildFile; fileRef = 5BC69A842EB6A1A200FDC484 /* AddHabitView.swift */; };
		5BC69A932EB6A51F00FDC484 /* HabitHeroApp.swift in Sources */ = {isa = PBXBuildFile; fileRef = 5BC69A882EB6A22400FDC484 /* HabitHeroApp.swift */; };
/* End PBXBuildFile section */

/* Begin PBXContainerItemProxy section */
		5BC69A542EB66BBD00FDC484 /* PBXContainerItemProxy */ = {
			isa = PBXContainerItemProxy;
			containerPortal = 5BC69A3B2EB66BBB00FDC484 /* Project object */;
			proxyType = 1;
			remoteGlobalIDString = 5BC69A422EB66BBB00FDC484;
			remoteInfo = HabitHero;
		};
		5BC69A5E2EB66BBD00FDC484 /* PBXContainerItemProxy */ = {
			isa = PBXContainerItemProxy;
			containerPortal = 5BC69A3B2EB66BBB00FDC484 /* Project object */;
			proxyType = 1;
			remoteGlobalIDString = 5BC69A422EB66BBB00FDC484;
			remoteInfo = HabitHero;
		};
/* End PBXContainerItemProxy section */

/* Begin PBXFileReference section */
		5BC69A432EB66BBB00FDC484 /* HabitHero.app */ = {isa = PBXFileReference; explicitFileType = wrapper.application; includeInIndex = 0; path = HabitHero.app; sourceTree = BUILT_PRODUCTS_DIR; };
		5BC69A532EB66BBD00FDC484 /* HabitHeroTests.xctest */ = {isa = PBXFileReference; explicitFileType = wrapper.cfbundle; includeInIndex = 0; path = HabitHeroTests.xctest; sourceTree = BUILT_PRODUCTS_DIR; };
		5BC69A5D2EB66BBD00FDC484 /* HabitHeroUITests.xctest */ = {isa = PBXFileReference; explicitFileType = wrapper.cfbundle; includeInIndex = 0; path = HabitHeroUITests.xctest; sourceTree = BUILT_PRODUCTS_DIR; };
		5BC69A832EB6A18600FDC484 /* ContentView.swift */ = {isa = PBXFileReference; lastKnownFileType = sourcecode.swift; path = ContentView.swift; sourceTree = "<group>"; };
		5BC69A842EB6A1A200FDC484 /* AddHabitView.swift */ = {isa = PBXFileReference; lastKnownFileType = sourcecode.swift; path = AddHabitView.swift; sourceTree = "<group>"; };
		5BC69A852EB6A1B600FDC484 /* Habit.swift */ = {isa = PBXFileReference; lastKnownFileType = sourcecode.swift; path = Habit.swift; sourceTree = "<group>"; };
		5BC69A862EB6A1C300FDC484 /* HabitStore.swift */ = {isa = PBXFileReference; lastKnownFileType = sourcecode.swift; path = HabitStore.swift; sourceTree = "<group>"; };
		5BC69A882EB6A22400FDC484 /* HabitHeroApp.swift */ = {isa = PBXFileReference; lastKnownFileType = sourcecode.swift; path = HabitHeroApp.swift; sourceTree = "<group>"; };
		5BC69A8A2EB6A23A00FDC484 /* Assets.xcassets */ = {isa = PBXFileReference; lastKnownFileType = text; path = Assets.xcassets; sourceTree = "<group>"; };
		5BC69A8C2EB6A25000FDC484 /* Preview Content */ = {isa = PBXFileReference; lastKnownFileType = text; path = "Preview Content"; sourceTree = "<group>"; };
/* End PBXFileReference section */

/* Begin PBXFrameworksBuildPhase section */
		5BC69A402EB66BBB00FDC484 /* Frameworks */ = {
			isa = PBXFrameworksBuildPhase;
			buildActionMask = 2147483647;
			files = (
			);
			runOnlyForDeploymentPostprocessing = 0;
		};
		5BC69A502EB66BBD00FDC484 /* Frameworks */ = {
			isa = PBXFrameworksBuildPhase;
			buildActionMask = 2147483647;
			files = (
			);
			runOnlyForDeploymentPostprocessing = 0;
		};
		5BC69A5A2EB66BBD00FDC484 /* Frameworks */ = {
			isa = PBXFrameworksBuildPhase;
			buildActionMask = 2147483647;
			files = (
			);
			runOnlyForDeploymentPostprocessing = 0;
		};
/* End PBXFrameworksBuildPhase section */

/* Begin PBXGroup section */
		5BC69A3A2EB66BBB00FDC484 = {
			isa = PBXGroup;
			children = (
				5BC69A8C2EB6A25000FDC484 /* Preview Content */,
				5BC69A8A2EB6A23A00FDC484 /* Assets.xcassets */,
				5BC69A882EB6A22400FDC484 /* HabitHeroApp.swift */,
				5BC69A822EB6A12100FDC484 /* Views */,
				5BC69A812EB6A0F800FDC484 /* Models */,
				5BC69A442EB66BBB00FDC484 /* Products */,
			);
			sourceTree = "<group>";
		};
		5BC69A442EB66BBB00FDC484 /* Products */ = {
			isa = PBXGroup;
			children = (
				5BC69A432EB66BBB00FDC484 /* HabitHero.app */,
				5BC69A532EB66BBD00FDC484 /* HabitHeroTests.xctest */,
				5BC69A5D2EB66BBD00FDC484 /* HabitHeroUITests.xctest */,
			);
			name = Products;
			sourceTree = "<group>";
		};
		5BC69A812EB6A0F800FDC484 /* Models */ = {
			isa = PBXGroup;
			children = (
				5BC69A862EB6A1C300FDC484 /* HabitStore.swift */,
				5BC69A852EB6A1B600FDC484 /* Habit.swift */,
			);
			path = Models;
			sourceTree = "<group>";
		};
		5BC69A822EB6A12100FDC484 /* Views */ = {
			isa = PBXGroup;
			children = (
				5BC69A842EB6A1A200FDC484 /* AddHabitView.swift */,
				5BC69A832EB6A18600FDC484 /* ContentView.swift */,
			);
			path = Views;
			sourceTree = "<group>";
		};
/* End PBXGroup section */

/* Begin PBXNativeTarget section */
		5BC69A422EB66BBB00FDC484 /* HabitHero */ = {
			isa = PBXNativeTarget;
			buildConfigurationList = 5BC69A672EB66BBD00FDC484 /* Build configuration list for PBXNativeTarget "HabitHero" */;
			buildPhases = (
				5BC69A3F2EB66BBB00FDC484 /* Sources */,
				5BC69A402EB66BBB00FDC484 /* Frameworks */,
				5BC69A412EB66BBB00FDC484 /* Resources */,
			);
			buildRules = (
			);
			dependencies = (
			);
			name = HabitHero;
			packageProductDependencies = (
			);
			productName = HabitHero;
			productReference = 5BC69A432EB66BBB00FDC484 /* HabitHero.app */;
			productType = "com.apple.product-type.application";
		};
		5BC69A522EB66BBD00FDC484 /* HabitHeroTests */ = {
			isa = PBXNativeTarget;
			buildConfigurationList = 5BC69A6A2EB66BBD00FDC484 /* Build configuration list for PBXNativeTarget "HabitHeroTests" */;
			buildPhases = (
				5BC69A4F2EB66BBD00FDC484 /* Sources */,
				5BC69A502EB66BBD00FDC484 /* Frameworks */,
				5BC69A512EB66BBD00FDC484 /* Resources */,
			);
			buildRules = (
			);
			dependencies = (
				5BC69A552EB66BBD00FDC484 /* PBXTargetDependency */,
			);
			name = HabitHeroTests;
			packageProductDependencies = (
			);
			productName = HabitHeroTests;
			productReference = 5BC69A532EB66BBD00FDC484 /* HabitHeroTests.xctest */;
			productType = "com.apple.product-type.bundle.unit-test";
		};
		5BC69A5C2EB66BBD00FDC484 /* HabitHeroUITests */ = {
			isa = PBXNativeTarget;
			buildConfigurationList = 5BC69A6D2EB66BBD00FDC484 /* Build configuration list for PBXNativeTarget "HabitHeroUITests" */;
			buildPhases = (
				5BC69A592EB66BBD00FDC484 /* Sources */,
				5BC69A5A2EB66BBD00FDC484 /* Frameworks */,
				5BC69A5B2EB66BBD00FDC484 /* Resources */,
			);
			buildRules = (
			);
			dependencies = (
				5BC69A5F2EB66BBD00FDC484 /* PBXTargetDependency */,
			);
			name = HabitHeroUITests;
			packageProductDependencies = (
			);
			productName = HabitHeroUITests;
			productReference = 5BC69A5D2EB66BBD00FDC484 /* HabitHeroUITests.xctest */;
			productType = "com.apple.product-type.bundle.ui-testing";
		};
/* End PBXNativeTarget section */

/* Begin PBXProject section */
		5BC69A3B2EB66BBB00FDC484 /* Project object */ = {
			isa = PBXProject;
			attributes = {
				BuildIndependentTargetsInParallel = 1;
				LastSwiftUpdateCheck = 1620;
				LastUpgradeCheck = 1620;
				TargetAttributes = {
					5BC69A422EB66BBB00FDC484 = {
						CreatedOnToolsVersion = 16.2;
					};
					5BC69A522EB66BBD00FDC484 = {
						CreatedOnToolsVersion = 16.2;
						TestTargetID = 5BC69A422EB66BBB00FDC484;
					};
					5BC69A5C2EB66BBD00FDC484 = {
						CreatedOnToolsVersion = 16.2;
						TestTargetID = 5BC69A422EB66BBB00FDC484;
					};
				};
			};
			buildConfigurationList = 5BC69A3E2EB66BBB00FDC484 /* Build configuration list for PBXProject "HabitHero" */;
			developmentRegion = en;
			hasScannedForEncodings = 0;
			knownRegions = (
				en,
				Base,
			);
			mainGroup = 5BC69A3A2EB66BBB00FDC484;
			minimizedProjectReferenceProxies = 1;
			preferredProjectObjectVersion = 77;
			productRefGroup = 5BC69A442EB66BBB00FDC484 /* Products */;
			projectDirPath = "";
			projectRoot = "";
			targets = (
				5BC69A422EB66BBB00FDC484 /* HabitHero */,
				5BC69A522EB66BBD00FDC484 /* HabitHeroTests */,
				5BC69A5C2EB66BBD00FDC484 /* HabitHeroUITests */,
			);
		};
/* End PBXProject section */

/* Begin PBXResourcesBuildPhase section */
		5BC69A412EB66BBB00FDC484 /* Resources */ = {
			isa = PBXResourcesBuildPhase;
			buildActionMask = 2147483647;
			files = (
			);
			runOnlyForDeploymentPostprocessing = 0;
		};
		5BC69A512EB66BBD00FDC484 /* Resources */ = {
			isa = PBXResourcesBuildPhase;
			buildActionMask = 2147483647;
			files = (
				5BC69A8D2EB6A25400FDC484 /* Preview Content in Resources */,
				5BC69A8B2EB6A23D00FDC484 /* Assets.xcassets in Resources */,
			);
			runOnlyForDeploymentPostprocessing = 0;
		};
		5BC69A5B2EB66BBD00FDC484 /* Resources */ = {
			isa = PBXResourcesBuildPhase;
			buildActionMask = 2147483647;
			files = (
			);
			runOnlyForDeploymentPostprocessing = 0;
		};
/* End PBXResourcesBuildPhase section */

/* Begin PBXSourcesBuildPhase section */
		5BC69A3F2EB66BBB00FDC484 /* Sources */ = {
			isa = PBXSourcesBuildPhase;
			buildActionMask = 2147483647;
			files = (
				5BC69A902EB6A47200FDC484 /* Habit.swift in Sources */,
				5BC69A932EB6A51F00FDC484 /* HabitHeroApp.swift in Sources */,
				5BC69A922EB6A48800FDC484 /* AddHabitView.swift in Sources */,
				5BC69A8F2EB6A46300FDC484 /* HabitStore.swift in Sources */,
				5BC69A912EB6A47E00FDC484 /* ContentView.swift in Sources */,
			);
			runOnlyForDeploymentPostprocessing = 0;
		};
		5BC69A4F2EB66BBD00FDC484 /* Sources */ = {
			isa = PBXSourcesBuildPhase;
			buildActionMask = 2147483647;
			files = (
				5BC69A892EB6A22700FDC484 /* HabitHeroApp.swift in Sources */,
			);
			runOnlyForDeploymentPostprocessing = 0;
		};
		5BC69A592EB66BBD00FDC484 /* Sources */ = {
			isa = PBXSourcesBuildPhase;
			buildActionMask = 2147483647;
			files = (
			);
			runOnlyForDeploymentPostprocessing = 0;
		};
/* End PBXSourcesBuildPhase section */

/* Begin PBXTargetDependency section */
		5BC69A552EB66BBD00FDC484 /* PBXTargetDependency */ = {
			isa = PBXTargetDependency;
			target = 5BC69A422EB66BBB00FDC484 /* HabitHero */;
			targetProxy = 5BC69A542EB66BBD00FDC484 /* PBXContainerItemProxy */;
		};
		5BC69A5F2EB66BBD00FDC484 /* PBXTargetDependency */ = {
			isa = PBXTargetDependency;
			target = 5BC69A422EB66BBB00FDC484 /* HabitHero */;
			targetProxy = 5BC69A5E2EB66BBD00FDC484 /* PBXContainerItemProxy */;
		};
/* End PBXTargetDependency section */

/* Begin XCBuildConfiguration section */
		5BC69A652EB66BBD00FDC484 /* Debug */ = {
			isa = XCBuildConfiguration;
			buildSettings = {
				ALWAYS_SEARCH_USER_PATHS = NO;
				ASSETCATALOG_COMPILER_GENERATE_SWIFT_ASSET_SYMBOL_EXTENSIONS = YES;
				CLANG_ANALYZER_NONNULL = YES;
				CLANG_ANALYZER_NUMBER_OBJECT_CONVERSION = YES_AGGRESSIVE;
				CLANG_CXX_LANGUAGE_STANDARD = "gnu++20";
				CLANG_ENABLE_MODULES = YES;
				CLANG_ENABLE_OBJC_ARC = YES;
				CLANG_ENABLE_OBJC_WEAK = YES;
				CLANG_WARN_BLOCK_CAPTURE_AUTORELEASING = YES;
				CLANG_WARN_BOOL_CONVERSION = YES;
				CLANG_WARN_COMMA = YES;
				CLANG_WARN_CONSTANT_CONVERSION = YES;
				CLANG_WARN_DEPRECATED_OBJC_IMPLEMENTATIONS = YES;
				CLANG_WARN_DIRECT_OBJC_ISA_USAGE = YES_ERROR;
				CLANG_WARN_DOCUMENTATION_COMMENTS = YES;
				CLANG_WARN_EMPTY_BODY = YES;
				CLANG_WARN_ENUM_CONVERSION = YES;
				CLANG_WARN_INFINITE_RECURSION = YES;
				CLANG_WARN_INT_CONVERSION = YES;
				CLANG_WARN_NON_LITERAL_NULL_CONVERSION = YES;
				CLANG_WARN_OBJC_IMPLICIT_RETAIN_SELF = YES;
				CLANG_WARN_OBJC_LITERAL_CONVERSION = YES;
				CLANG_WARN_OBJC_ROOT_CLASS = YES_ERROR;
				CLANG_WARN_QUOTED_INCLUDE_IN_FRAMEWORK_HEADER = YES;
				CLANG_WARN_RANGE_LOOP_ANALYSIS = YES;
				CLANG_WARN_STRICT_PROTOTYPES = YES;
				CLANG_WARN_SUSPICIOUS_MOVE = YES;
				CLANG_WARN_UNGUARDED_AVAILABILITY = YES_AGGRESSIVE;
				CLANG_WARN_UNREACHABLE_CODE = YES;
				CLANG_WARN__DUPLICATE_METHOD_MATCH = YES;
				COPY_PHASE_STRIP = NO;
				DEBUG_INFORMATION_FORMAT = dwarf;
				DEVELOPMENT_ASSET_PATHS = "\"/Users/slk/Desktop/HabitHero/HabitHero/Preview Content\"";
				ENABLE_STRICT_OBJC_MSGSEND = YES;
				ENABLE_TESTABILITY = YES;
				ENABLE_USER_SCRIPT_SANDBOXING = YES;
				GCC_C_LANGUAGE_STANDARD = gnu17;
				GCC_DYNAMIC_NO_PIC = NO;
				GCC_NO_COMMON_BLOCKS = YES;
				GCC_OPTIMIZATION_LEVEL = 0;
				GCC_PREPROCESSOR_DEFINITIONS = (
					"DEBUG=1",
					"$(inherited)",
				);
				GCC_WARN_64_TO_32_BIT_CONVERSION = YES;
				GCC_WARN_ABOUT_RETURN_TYPE = YES_ERROR;
				GCC_WARN_UNDECLARED_SELECTOR = YES;
				GCC_WARN_UNINITIALIZED_AUTOS = YES_AGGRESSIVE;
				GCC_WARN_UNUSED_FUNCTION = YES;
				GCC_WARN_UNUSED_VARIABLE = YES;
				IPHONEOS_DEPLOYMENT_TARGET = 18.2;
				LOCALIZATION_PREFERS_STRING_CATALOGS = YES;
				MTL_ENABLE_DEBUG_INFO = INCLUDE_SOURCE;
				MTL_FAST_MATH = YES;
				ONLY_ACTIVE_ARCH = YES;
				SDKROOT = iphoneos;
				SWIFT_ACTIVE_COMPILATION_CONDITIONS = "DEBUG $(inherited)";
				SWIFT_OPTIMIZATION_LEVEL = "-Onone";
			};
			name = Debug;
		};
		5BC69A662EB66BBD00FDC484 /* Release */ = {
			isa = XCBuildConfiguration;
			buildSettings = {
				ALWAYS_SEARCH_USER_PATHS = NO;
				ASSETCATALOG_COMPILER_GENERATE_SWIFT_ASSET_SYMBOL_EXTENSIONS = YES;
				CLANG_ANALYZER_NONNULL = YES;
				CLANG_ANALYZER_NUMBER_OBJECT_CONVERSION = YES_AGGRESSIVE;
				CLANG_CXX_LANGUAGE_STANDARD = "gnu++20";
				CLANG_ENABLE_MODULES = YES;
				CLANG_ENABLE_OBJC_ARC = YES;
				CLANG_ENABLE_OBJC_WEAK = YES;
				CLANG_WARN_BLOCK_CAPTURE_AUTORELEASING = YES;
				CLANG_WARN_BOOL_CONVERSION = YES;
				CLANG_WARN_COMMA = YES;
				CLANG_WARN_CONSTANT_CONVERSION = YES;
				CLANG_WARN_DEPRECATED_OBJC_IMPLEMENTATIONS = YES;
				CLANG_WARN_DIRECT_OBJC_ISA_USAGE = YES_ERROR;
				CLANG_WARN_DOCUMENTATION_COMMENTS = YES;
				CLANG_WARN_EMPTY_BODY = YES;
				CLANG_WARN_ENUM_CONVERSION = YES;
				CLANG_WARN_INFINITE_RECURSION = YES;
				CLANG_WARN_INT_CONVERSION = YES;
				CLANG_WARN_NON_LITERAL_NULL_CONVERSION = YES;
				CLANG_WARN_OBJC_IMPLICIT_RETAIN_SELF = YES;
				CLANG_WARN_OBJC_LITERAL_CONVERSION = YES;
				CLANG_WARN_OBJC_ROOT_CLASS = YES_ERROR;
				CLANG_WARN_QUOTED_INCLUDE_IN_FRAMEWORK_HEADER = YES;
				CLANG_WARN_RANGE_LOOP_ANALYSIS = YES;
				CLANG_WARN_STRICT_PROTOTYPES = YES;
				CLANG_WARN_SUSPICIOUS_MOVE = YES;
				CLANG_WARN_UNGUARDED_AVAILABILITY = YES_AGGRESSIVE;
				CLANG_WARN_UNREACHABLE_CODE = YES;
				CLANG_WARN__DUPLICATE_METHOD_MATCH = YES;
				COPY_PHASE_STRIP = NO;
				DEBUG_INFORMATION_FORMAT = "dwarf-with-dsym";
				DEVELOPMENT_ASSET_PATHS = "\"/Users/slk/Desktop/HabitHero/HabitHero/Preview Content\"";
				ENABLE_NS_ASSERTIONS = NO;
				ENABLE_STRICT_OBJC_MSGSEND = YES;
				ENABLE_USER_SCRIPT_SANDBOXING = YES;
				GCC_C_LANGUAGE_STANDARD = gnu17;
				GCC_NO_COMMON_BLOCKS = YES;
				GCC_WARN_64_TO_32_BIT_CONVERSION = YES;
				GCC_WARN_ABOUT_RETURN_TYPE = YES_ERROR;
				GCC_WARN_UNDECLARED_SELECTOR = YES;
				GCC_WARN_UNINITIALIZED_AUTOS = YES_AGGRESSIVE;
				GCC_WARN_UNUSED_FUNCTION = YES;
				GCC_WARN_UNUSED_VARIABLE = YES;
				IPHONEOS_DEPLOYMENT_TARGET = 18.2;
				LOCALIZATION_PREFERS_STRING_CATALOGS = YES;
				MTL_ENABLE_DEBUG_INFO = NO;
				MTL_FAST_MATH = YES;
				SDKROOT = iphoneos;
				SWIFT_COMPILATION_MODE = wholemodule;
				VALIDATE_PRODUCT = YES;
			};
			name = Release;
		};
		5BC69A682EB66BBD00FDC484 /* Debug */ = {
			isa = XCBuildConfiguration;
			buildSettings = {
				ASSETCATALOG_COMPILER_APPICON_NAME = AppIcon;
				ASSETCATALOG_COMPILER_GLOBAL_ACCENT_COLOR_NAME = AccentColor;
				CODE_SIGN_STYLE = Automatic;
				CURRENT_PROJECT_VERSION = 1;
				ENABLE_PREVIEWS = YES;
				GENERATE_INFOPLIST_FILE = YES;
				INFOPLIST_KEY_UIApplicationSceneManifest_Generation = YES;
				INFOPLIST_KEY_UIApplicationSupportsIndirectInputEvents = YES;
				INFOPLIST_KEY_UILaunchScreen_Generation = YES;
				INFOPLIST_KEY_UISupportedInterfaceOrientations_iPad = "UIInterfaceOrientationPortrait UIInterfaceOrientationPortraitUpsideDown UIInterfaceOrientationLandscapeLeft UIInterfaceOrientationLandscapeRight";
				INFOPLIST_KEY_UISupportedInterfaceOrientations_iPhone = "UIInterfaceOrientationPortrait UIInterfaceOrientationLandscapeLeft UIInterfaceOrientationLandscapeRight";
				LD_RUNPATH_SEARCH_PATHS = (
					"$(inherited)",
					"@executable_path/Frameworks",
				);
				MARKETING_VERSION = 1.0;
				PRODUCT_BUNDLE_IDENTIFIER = com.suleiman.HabitHero;
				PRODUCT_NAME = "$(TARGET_NAME)";
				SWIFT_EMIT_LOC_STRINGS = YES;
				SWIFT_VERSION = 5.0;
				TARGETED_DEVICE_FAMILY = "1,2";
			};
			name = Debug;
		};
		5BC69A692EB66BBD00FDC484 /* Release */ = {
			isa = XCBuildConfiguration;
			buildSettings = {
				ASSETCATALOG_COMPILER_APPICON_NAME = AppIcon;
				ASSETCATALOG_COMPILER_GLOBAL_ACCENT_COLOR_NAME = AccentColor;
				CODE_SIGN_STYLE = Automatic;
				CURRENT_PROJECT_VERSION = 1;
				ENABLE_PREVIEWS = YES;
				GENERATE_INFOPLIST_FILE = YES;
				INFOPLIST_KEY_UIApplicationSceneManifest_Generation = YES;
				INFOPLIST_KEY_UIApplicationSupportsIndirectInputEvents = YES;
				INFOPLIST_KEY_UILaunchScreen_Generation = YES;
				INFOPLIST_KEY_UISupportedInterfaceOrientations_iPad = "UIInterfaceOrientationPortrait UIInterfaceOrientationPortraitUpsideDown UIInterfaceOrientationLandscapeLeft UIInterfaceOrientationLandscapeRight";
				INFOPLIST_KEY_UISupportedInterfaceOrientations_iPhone = "UIInterfaceOrientationPortrait UIInterfaceOrientationLandscapeLeft UIInterfaceOrientationLandscapeRight";
				LD_RUNPATH_SEARCH_PATHS = (
					"$(inherited)",
					"@executable_path/Frameworks",
				);
				MARKETING_VERSION = 1.0;
				PRODUCT_BUNDLE_IDENTIFIER = com.suleiman.HabitHero;
				PRODUCT_NAME = "$(TARGET_NAME)";
				SWIFT_EMIT_LOC_STRINGS = YES;
				SWIFT_VERSION = 5.0;
				TARGETED_DEVICE_FAMILY = "1,2";
			};
			name = Release;
		};
		5BC69A6B2EB66BBD00FDC484 /* Debug */ = {
			isa = XCBuildConfiguration;
			buildSettings = {
				BUNDLE_LOADER = "$(TEST_HOST)";
				CODE_SIGN_STYLE = Automatic;
				CURRENT_PROJECT_VERSION = 1;
				GENERATE_INFOPLIST_FILE = YES;
				IPHONEOS_DEPLOYMENT_TARGET = 18.2;
				MARKETING_VERSION = 1.0;
				PRODUCT_BUNDLE_IDENTIFIER = com.suleiman.HabitHeroTests;
				PRODUCT_NAME = "$(TARGET_NAME)";
				SWIFT_EMIT_LOC_STRINGS = NO;
				SWIFT_VERSION = 5.0;
				TARGETED_DEVICE_FAMILY = "1,2";
				TEST_HOST = "$(BUILT_PRODUCTS_DIR)/HabitHero.app/$(BUNDLE_EXECUTABLE_FOLDER_PATH)/HabitHero";
			};
			name = Debug;
		};
		5BC69A6C2EB66BBD00FDC484 /* Release */ = {
			isa = XCBuildConfiguration;
			buildSettings = {
				BUNDLE_LOADER = "$(TEST_HOST)";
				CODE_SIGN_STYLE = Automatic;
				CURRENT_PROJECT_VERSION = 1;
				GENERATE_INFOPLIST_FILE = YES;
				IPHONEOS_DEPLOYMENT_TARGET = 18.2;
				MARKETING_VERSION = 1.0;
				PRODUCT_BUNDLE_IDENTIFIER = com.suleiman.HabitHeroTests;
				PRODUCT_NAME = "$(TARGET_NAME)";
				SWIFT_EMIT_LOC_STRINGS = NO;
				SWIFT_VERSION = 5.0;
				TARGETED_DEVICE_FAMILY = "1,2";
				TEST_HOST = "$(BUILT_PRODUCTS_DIR)/HabitHero.app/$(BUNDLE_EXECUTABLE_FOLDER_PATH)/HabitHero";
			};
			name = Release;
		};
		5BC69A6E2EB66BBD00FDC484 /* Debug */ = {
			isa = XCBuildConfiguration;
			buildSettings = {
				CODE_SIGN_STYLE = Automatic;
				CURRENT_PROJECT_VERSION = 1;
				GENERATE_INFOPLIST_FILE = YES;
				MARKETING_VERSION = 1.0;
				PRODUCT_BUNDLE_IDENTIFIER = com.suleiman.HabitHeroUITests;
				PRODUCT_NAME = "$(TARGET_NAME)";
				SWIFT_EMIT_LOC_STRINGS = NO;
				SWIFT_VERSION = 5.0;
				TARGETED_DEVICE_FAMILY = "1,2";
				TEST_TARGET_NAME = HabitHero;
			};
			name = Debug;
		};
		5BC69A6F2EB66BBD00FDC484 /* Release */ = {
			isa = XCBuildConfiguration;
			buildSettings = {
				CODE_SIGN_STYLE = Automatic;
				CURRENT_PROJECT_VERSION = 1;
				GENERATE_INFOPLIST_FILE = YES;
				MARKETING_VERSION = 1.0;
				PRODUCT_BUNDLE_IDENTIFIER = com.suleiman.HabitHeroUITests;
				PRODUCT_NAME = "$(TARGET_NAME)";
				SWIFT_EMIT_LOC_STRINGS = NO;
				SWIFT_VERSION = 5.0;
				TARGETED_DEVICE_FAMILY = "1,2";
				TEST_TARGET_NAME = HabitHero;
			};
			name = Release;
		};
/* End XCBuildConfiguration section */

/* Begin XCConfigurationList section */
		5BC69A3E2EB66BBB00FDC484 /* Build configuration list for PBXProject "HabitHero" */ = {
			isa = XCConfigurationList;
			buildConfigurations = (
				5BC69A652EB66BBD00FDC484 /* Debug */,
				5BC69A662EB66BBD00FDC484 /* Release */,
			);
			defaultConfigurationIsVisible = 0;
			defaultConfigurationName = Release;
		};
		5BC69A672EB66BBD00FDC484 /* Build configuration list for PBXNativeTarget "HabitHero" */ = {
			isa = XCConfigurationList;
			buildConfigurations = (
				5BC69A682EB66BBD00FDC484 /* Debug */,
				5BC69A692EB66BBD00FDC484 /* Release */,
			);
			defaultConfigurationIsVisible = 0;
			defaultConfigurationName = Release;
		};
		5BC69A6A2EB66BBD00FDC484 /* Build configuration list for PBXNativeTarget "HabitHeroTests" */ = {
			isa = XCConfigurationList;
			buildConfigurations = (
				5BC69A6B2EB66BBD00FDC484 /* Debug */,
				5BC69A6C2EB66BBD00FDC484 /* Release */,
			);
			defaultConfigurationIsVisible = 0;
			defaultConfigurationName = Release;
		};
		5BC69A6D2EB66BBD00FDC484 /* Build configuration list for PBXNativeTarget "HabitHeroUITests" */ = {
			isa = XCConfigurationList;
			buildConfigurations = (
				5BC69A6E2EB66BBD00FDC484 /* Debug */,
				5BC69A6F2EB66BBD00FDC484 /* Release */,
			);
			defaultConfigurationIsVisible = 0;
			defaultConfigurationName = Release;
		};
/* End XCConfigurationList section */
	};
	rootObject = 5BC69A3B2EB66BBB00FDC484 /* Project object */;
}
